
Microsoft Visual Studio Solution File, Format Version 12.00
# Visual Studio 15
VisualStudioVersion = 15.0.28010.2026
MinimumVisualStudioVersion = 10.0.40219.1
Project("{FAE04EC0-301F-11D3-BF4B-00C04F79EFBC}") = "FacebookFriendFeedDelimiter", "FacebookFriendFeedDelimiter\FacebookFriendFeedDelimiter.csproj", "{A8B7D9FA-7934-478F-B563-CAF42EBBBF0D}"
EndProject
Global
	GlobalSection(SolutionConfigurationPlatforms) = preSolution
		Debug|Any CPU = Debug|Any CPU
		Release|Any CPU = Release|Any CPU
	EndGlobalSection
	GlobalSection(ProjectConfigurationPlatforms) = postSolution
		{A8B7D9FA-7934-478F-B563-CAF42EBBBF0D}.Debug|Any CPU.ActiveCfg = Debug|Any CPU
		{A8B7D9FA-7934-478F-B563-CAF42EBBBF0D}.Debug|Any CPU.Build.0 = Debug|Any CPU
		{A8B7D9FA-7934-478F-B563-CAF42EBBBF0D}.Release|Any CPU.ActiveCfg = Release|Any CPU
		{A8B7D9FA-7934-478F-B563-CAF42EBBBF0D}.Release|Any CPU.Build.0 = Release|Any CPU
	EndGlobalSection
	GlobalSection(SolutionProperties) = preSolution
		HideSolutionNode = FALSE
	EndGlobalSection
	GlobalSection(ExtensibilityGlobals) = postSolution
		SolutionGuid = {C35E1A53-3704-481A-9165-4062984C395F}
	EndGlobalSection
EndGlobal
